hash: fd1f16d5ee1a2eed97e2e67f50b848eb80e363d2f6ffbdfafcd0bb1310a7a4b5
updated: 2016-02-12T07:41:42.520119182Z
imports:
- name: github.com/basho/backoff
  version: 2ff7c4694083b5dbd71b21fd7cb7577477a74b31
- name: github.com/basho/riak-go-client
  version: 987b29fe0f2681aeb3228240fbbaa1b35e09e085
  subpackages:
  - rpb/riak
  - rpb/riak_dt
  - rpb/riak_kv
  - rpb/riak_search
  - rpb/riak_yokozuna
- name: github.com/cyberdelia/go-metrics-graphite
  version: 7e54b5c2aa6eaff4286c44129c3def899dff528c
- name: github.com/golang/protobuf
  version: 0dfe8f37844c14cb32c7247925270e0f7ba90973
  subpackages:
  - proto
- name: github.com/gorilla/context
  version: 1c83b3eabd45b6d76072b66b746c20815fb2872d
- name: github.com/gorilla/handlers
  version: b3aff83722cb2ae031a70cae984650e3a16cd20e
- name: github.com/gorilla/mux
  version: 26a6070f849969ba72b72256e9f14cf519751690
- name: github.com/hashicorp/consul
  version: 13bfad9e1b0fab40f5b2f5f2c7ac21cb3f0a8d6d
  subpackages:
  - api
- name: github.com/hashicorp/go-cleanhttp
  version: ce617e79981a8fff618bb643d155133a8f38db96
- name: github.com/hashicorp/serf
  version: c4c55f16bae1aed9b355ad655d3ebf0215734461
  subpackages:
  - coordinate
- name: github.com/kelseyhightower/envconfig
  version: 12c18e8343f6eb5fc3a9d5c8dc353e42e6bb40b9
- name: github.com/nu7hatch/gouuid
  version: 179d4d0c4d8d407a32af483c2354df1d2c91e6c3
- name: github.com/NYTimes/gizmo
  version: 278ad6adbd9f6a06b17227c74b1da229a92e5dd8
  subpackages:
  - config
  - server
  - web
- name: github.com/NYTimes/logrotate
  version: a5276429b5aadf067486dcb082e41a600c757d2c
- name: github.com/rcrowley/go-metrics
  version: 51425a2415d21afadfd55cd93432c0bc69e9598d
- name: github.com/Sirupsen/logrus
  version: be52937128b38f1d99787bb476c789e2af1147f1
- name: golang.org/x/crypto
  version: 1f22c0103821b9390939b6776727195525381532
  subpackages:
  - ssh
- name: golang.org/x/net
  version: 8968c61983e8f51a91b8c0ef25bf739278c89634
  subpackages:
  - context
  - http2
  - trace
  - http2/hpack
  - internal/timeseries
- name: google.golang.org/grpc
  version: 0631ecafac46db83db609486bedff561525c03e9
  subpackages:
  - metadata
  - codes
  - credentials
  - grpclog
  - naming
  - transport
  - peer
- name: gopkg.in/mgo.v2
  version: d90005c5262a3463800497ea5a89aed5fe22c886
  subpackages:
  - bson
  - internal/scram
devImports: []
